
Microsoft Visual Studio Solution File, Format Version 12.00
# Visual Studio Version 17
VisualStudioVersion = 17.0.32112.339
MinimumVisualStudioVersion = 10.0.40219.1
Project("{FAE04EC0-301F-11D3-BF4B-00C04F79EFBC}") = "GeneriranjeZaporke", "GeneriranjeZaporke\GeneriranjeZaporke.csproj", "{6F045E83-01F4-489E-A1CF-257D4F2958EF}"
EndProject
Global
	GlobalSection(SolutionConfigurationPlatforms) = preSolution
		Debug|Any CPU = Debug|Any CPU
		Release|Any CPU = Release|Any CPU
	EndGlobalSection
	GlobalSection(ProjectConfigurationPlatforms) = postSolution
		{6F045E83-01F4-489E-A1CF-257D4F2958EF}.Debug|Any CPU.ActiveCfg = Debug|Any CPU
		{6F045E83-01F4-489E-A1CF-257D4F2958EF}.Debug|Any CPU.Build.0 = Debug|Any CPU
		{6F045E83-01F4-489E-A1CF-257D4F2958EF}.Release|Any CPU.ActiveCfg = Release|Any CPU
		{6F045E83-01F4-489E-A1CF-257D4F2958EF}.Release|Any CPU.Build.0 = Release|Any CPU
	EndGlobalSection
	GlobalSection(SolutionProperties) = preSolution
		HideSolutionNode = FALSE
	EndGlobalSection
	GlobalSection(ExtensibilityGlobals) = postSolution
		SolutionGuid = {82A8E85D-6993-4A61-9D04-ED632D2F06B7}
	EndGlobalSection
EndGlobal
